
Microsoft Visual Studio Solution File, Format Version 12.00
# Visual Studio 15
VisualStudioVersion = 15.0.27703.2026
MinimumVisualStudioVersion = 10.0.40219.1
Project("{888888A0-9F3D-457C-B088-3A5042F75D52}") = "item_embed_rec", "item_embed_rec.pyproj", "{8726AF5C-D01B-42EE-BF0C-71E27CDEDFC1}"
EndProject
Global
	GlobalSection(SolutionConfigurationPlatforms) = preSolution
		Debug|Any CPU = Debug|Any CPU
		Release|Any CPU = Release|Any CPU
	EndGlobalSection
	GlobalSection(ProjectConfigurationPlatforms) = postSolution
		{8726AF5C-D01B-42EE-BF0C-71E27CDEDFC1}.Debug|Any CPU.ActiveCfg = Debug|Any CPU
		{8726AF5C-D01B-42EE-BF0C-71E27CDEDFC1}.Release|Any CPU.ActiveCfg = Release|Any CPU
	EndGlobalSection
	GlobalSection(SolutionProperties) = preSolution
		HideSolutionNode = FALSE
	EndGlobalSection
	GlobalSection(ExtensibilityGlobals) = postSolution
		SolutionGuid = {E393E5A0-34D0-4231-81BC-60C4002F73CB}
	EndGlobalSection
EndGlobal
